
Microsoft Visual Studio Solution File, Format Version 11.00
# Visual Studio 2010
Project("{FAE04EC0-301F-11D3-BF4B-00C04F79EFBC}") = "KCIS_Biz", "KCIS_Biz\KCIS_Biz.csproj", "{3AAE7F00-6181-4F3A-A782-C19C1C7D0529}"
EndProject
Global
	GlobalSection(SolutionConfigurationPlatforms) = preSolution
		Debug|Any CPU = Debug|Any CPU
		Release|Any CPU = Release|Any CPU
	EndGlobalSection
	GlobalSection(ProjectConfigurationPlatforms) = postSolution
		{3AAE7F00-6181-4F3A-A782-C19C1C7D0529}.Debug|Any CPU.ActiveCfg = Debug|Any CPU
		{3AAE7F00-6181-4F3A-A782-C19C1C7D0529}.Debug|Any CPU.Build.0 = Debug|Any CPU
		{3AAE7F00-6181-4F3A-A782-C19C1C7D0529}.Release|Any CPU.ActiveCfg = Release|Any CPU
		{3AAE7F00-6181-4F3A-A782-C19C1C7D0529}.Release|Any CPU.Build.0 = Release|Any CPU
	EndGlobalSection
	GlobalSection(SolutionProperties) = preSolution
		HideSolutionNode = FALSE
	EndGlobalSection
EndGlobal
